
Microsoft Visual Studio Solution File, Format Version 12.00
# Visual Studio Version 17
VisualStudioVersion = 17.11.35327.3
MinimumVisualStudioVersion = 10.0.40219.1
Project("{9A19103F-16F7-4668-BE54-9A1E7A4F7556}") = "SampleProjectWeb", "SampleProjectWeb\SampleProjectWeb.csproj", "{BF65C9A5-121F-4F65-ABF0-0D9F30D53F57}"
EndProject
Global
	GlobalSection(SolutionConfigurationPlatforms) = preSolution
		Debug|Any CPU = Debug|Any CPU
		Release|Any CPU = Release|Any CPU
	EndGlobalSection
	GlobalSection(ProjectConfigurationPlatforms) = postSolution
		{BF65C9A5-121F-4F65-ABF0-0D9F30D53F57}.Debug|Any CPU.ActiveCfg = Debug|Any CPU
		{BF65C9A5-121F-4F65-ABF0-0D9F30D53F57}.Debug|Any CPU.Build.0 = Debug|Any CPU
		{BF65C9A5-121F-4F65-ABF0-0D9F30D53F57}.Release|Any CPU.ActiveCfg = Release|Any CPU
		{BF65C9A5-121F-4F65-ABF0-0D9F30D53F57}.Release|Any CPU.Build.0 = Release|Any CPU
	EndGlobalSection
	GlobalSection(SolutionProperties) = preSolution
		HideSolutionNode = FALSE
	EndGlobalSection
	GlobalSection(ExtensibilityGlobals) = postSolution
		SolutionGuid = {27E93476-BD64-4A03-9518-22A5F8E17032}
	EndGlobalSection
EndGlobal
